<?xml version="1.0" encoding="UTF-8"?>
<!DOCTYPE plist PUBLIC "-//Apple//DTD PLIST 1.0//EN" "http://www.apple.com/DTDs/PropertyList-1.0.dtd">
<plist version="1.0">
<dict>
	<key>archiveVersion</key>
	<string>1</string>
	<key>classes</key>
	<dict/>
	<key>objectVersion</key>
	<string>46</string>
	<key>objects</key>
	<dict>
		<key>03EABC4B02AF43EC81D5ED52</key>
		<dict>
			<key>explicitFileType</key>
			<string>archive.ar</string>
			<key>includeInIndex</key>
			<string>0</string>
			<key>isa</key>
			<string>PBXFileReference</string>
			<key>path</key>
			<string>libPods.a</string>
			<key>sourceTree</key>
			<string>BUILT_PRODUCTS_DIR</string>
		</dict>
		<key>75296526EE974D94A0259ACD</key>
		<dict>
			<key>includeInIndex</key>
			<string>1</string>
			<key>isa</key>
			<string>PBXFileReference</string>
			<key>lastKnownFileType</key>
			<string>text.xcconfig</string>
			<key>name</key>
			<string>Pods.xcconfig</string>
			<key>path</key>
			<string>Pods/Pods.xcconfig</string>
			<key>sourceTree</key>
			<string>&lt;group&gt;</string>
		</dict>
		<key>76EC8D1D70764BBDB10020E2</key>
		<dict>
			<key>fileRef</key>
			<string>03EABC4B02AF43EC81D5ED52</string>
			<key>isa</key>
			<string>PBXBuildFile</string>
		</dict>
		<key>843CCD5C1976DB1000AEDA34</key>
		<dict>
			<key>fileEncoding</key>
			<string>4</string>
			<key>isa</key>
			<string>PBXFileReference</string>
			<key>lastKnownFileType</key>
			<string>sourcecode.c.h</string>
			<key>path</key>
			<string>BLCLoginViewController.h</string>
			<key>sourceTree</key>
			<string>&lt;group&gt;</string>
		</dict>
		<key>843CCD5D1976DB1000AEDA34</key>
		<dict>
			<key>fileEncoding</key>
			<string>4</string>
			<key>isa</key>
			<string>PBXFileReference</string>
			<key>lastKnownFileType</key>
			<string>sourcecode.c.objc</string>
			<key>path</key>
			<string>BLCLoginViewController.m</string>
			<key>sourceTree</key>
			<string>&lt;group&gt;</string>
		</dict>
		<key>843CCD5E1976DB1000AEDA34</key>
		<dict>
			<key>fileRef</key>
			<string>843CCD5D1976DB1000AEDA34</string>
			<key>isa</key>
			<string>PBXBuildFile</string>
		</dict>
		<key>84BCB96F19709588004F9BFD</key>
		<dict>
			<key>fileEncoding</key>
			<string>4</string>
			<key>isa</key>
			<string>PBXFileReference</string>
			<key>lastKnownFileType</key>
			<string>sourcecode.c.h</string>
			<key>path</key>
			<string>BLCMediaTableViewCell.h</string>
			<key>sourceTree</key>
			<string>&lt;group&gt;</string>
		</dict>
		<key>84BCB97019709588004F9BFD</key>
		<dict>
			<key>fileEncoding</key>
			<string>4</string>
			<key>isa</key>
			<string>PBXFileReference</string>
			<key>lastKnownFileType</key>
			<string>sourcecode.c.objc</string>
			<key>path</key>
			<string>BLCMediaTableViewCell.m</string>
			<key>sourceTree</key>
			<string>&lt;group&gt;</string>
		</dict>
		<key>84BCB97119709588004F9BFD</key>
		<dict>
			<key>fileRef</key>
			<string>84BCB97019709588004F9BFD</string>
			<key>isa</key>
			<string>PBXBuildFile</string>
		</dict>
		<key>84C1A94B196F4BC7003A271D</key>
		<dict>
			<key>fileEncoding</key>
			<string>4</string>
			<key>isa</key>
			<string>PBXFileReference</string>
			<key>lastKnownFileType</key>
			<string>sourcecode.c.h</string>
			<key>path</key>
			<string>BLCUser.h</string>
			<key>sourceTree</key>
			<string>&lt;group&gt;</string>
		</dict>
		<key>84C1A94C196F4BC7003A271D</key>
		<dict>
			<key>fileEncoding</key>
			<string>4</string>
			<key>isa</key>
			<string>PBXFileReference</string>
			<key>lastKnownFileType</key>
			<string>sourcecode.c.objc</string>
			<key>path</key>
			<string>BLCUser.m</string>
			<key>sourceTree</key>
			<string>&lt;group&gt;</string>
		</dict>
		<key>84C1A94D196F4BC7003A271D</key>
		<dict>
			<key>fileRef</key>
			<string>84C1A94C196F4BC7003A271D</string>
			<key>isa</key>
			<string>PBXBuildFile</string>
		</dict>
		<key>84C1A94E196F4CF8003A271D</key>
		<dict>
			<key>fileEncoding</key>
			<string>4</string>
			<key>isa</key>
			<string>PBXFileReference</string>
			<key>lastKnownFileType</key>
			<string>sourcecode.c.h</string>
			<key>path</key>
			<string>BLCMedia.h</string>
			<key>sourceTree</key>
			<string>&lt;group&gt;</string>
		</dict>
		<key>84C1A94F196F4CF8003A271D</key>
		<dict>
			<key>fileEncoding</key>
			<string>4</string>
			<key>isa</key>
			<string>PBXFileReference</string>
			<key>lastKnownFileType</key>
			<string>sourcecode.c.objc</string>
			<key>path</key>
			<string>BLCMedia.m</string>
			<key>sourceTree</key>
			<string>&lt;group&gt;</string>
		</dict>
		<key>84C1A950196F4CF8003A271D</key>
		<dict>
			<key>fileRef</key>
			<string>84C1A94F196F4CF8003A271D</string>
			<key>isa</key>
			<string>PBXBuildFile</string>
		</dict>
		<key>84C1A951196F4EC0003A271D</key>
		<dict>
			<key>fileEncoding</key>
			<string>4</string>
			<key>isa</key>
			<string>PBXFileReference</string>
			<key>lastKnownFileType</key>
			<string>sourcecode.c.h</string>
			<key>path</key>
			<string>BLCComment.h</string>
			<key>sourceTree</key>
			<string>&lt;group&gt;</string>
		</dict>
		<key>84C1A952196F4EC0003A271D</key>
		<dict>
			<key>fileEncoding</key>
			<string>4</string>
			<key>isa</key>
			<string>PBXFileReference</string>
			<key>lastKnownFileType</key>
			<string>sourcecode.c.objc</string>
			<key>path</key>
			<string>BLCComment.m</string>
			<key>sourceTree</key>
			<string>&lt;group&gt;</string>
		</dict>
		<key>84C1A953196F4EC0003A271D</key>
		<dict>
			<key>fileRef</key>
			<string>84C1A952196F4EC0003A271D</string>
			<key>isa</key>
			<string>PBXBuildFile</string>
		</dict>
		<key>84C1A954196F50B7003A271D</key>
		<dict>
			<key>fileEncoding</key>
			<string>4</string>
			<key>isa</key>
			<string>PBXFileReference</string>
			<key>lastKnownFileType</key>
			<string>sourcecode.c.h</string>
			<key>path</key>
			<string>BLCDataSource.h</string>
			<key>sourceTree</key>
			<string>&lt;group&gt;</string>
		</dict>
		<key>84C1A955196F50B7003A271D</key>
		<dict>
			<key>fileEncoding</key>
			<string>4</string>
			<key>isa</key>
			<string>PBXFileReference</string>
			<key>lastKnownFileType</key>
			<string>sourcecode.c.objc</string>
			<key>path</key>
			<string>BLCDataSource.m</string>
			<key>sourceTree</key>
			<string>&lt;group&gt;</string>
		</dict>
		<key>84C1A956196F50B7003A271D</key>
		<dict>
			<key>fileRef</key>
			<string>84C1A955196F50B7003A271D</string>
			<key>isa</key>
			<string>PBXBuildFile</string>
		</dict>
		<key>84CED056196DCE1B007AFA71</key>
		<dict>
			<key>children</key>
			<array>
				<string>84CED068196DCE1B007AFA71</string>
				<string>84CED081196DCE1B007AFA71</string>
				<string>84CED061196DCE1B007AFA71</string>
				<string>84CED060196DCE1B007AFA71</string>
				<string>75296526EE974D94A0259ACD</string>
			</array>
			<key>isa</key>
			<string>PBXGroup</string>
			<key>sourceTree</key>
			<string>&lt;group&gt;</string>
		</dict>
		<key>84CED057196DCE1B007AFA71</key>
		<dict>
			<key>attributes</key>
			<dict>
				<key>CLASSPREFIX</key>
				<string>BLC</string>
				<key>LastUpgradeCheck</key>
				<string>0510</string>
				<key>ORGANIZATIONNAME</key>
				<string>Jordan Hudgens</string>
				<key>TargetAttributes</key>
				<dict>
					<key>84CED079196DCE1B007AFA71</key>
					<dict>
						<key>TestTargetID</key>
						<string>84CED05E196DCE1B007AFA71</string>
					</dict>
				</dict>
			</dict>
			<key>buildConfigurationList</key>
			<string>84CED05A196DCE1B007AFA71</string>
			<key>compatibilityVersion</key>
			<string>Xcode 3.2</string>
			<key>developmentRegion</key>
			<string>English</string>
			<key>hasScannedForEncodings</key>
			<string>0</string>
			<key>isa</key>
			<string>PBXProject</string>
			<key>knownRegions</key>
			<array>
				<string>en</string>
			</array>
			<key>mainGroup</key>
			<string>84CED056196DCE1B007AFA71</string>
			<key>productRefGroup</key>
			<string>84CED060196DCE1B007AFA71</string>
			<key>projectDirPath</key>
			<string></string>
			<key>projectReferences</key>
			<array/>
			<key>projectRoot</key>
			<string></string>
			<key>targets</key>
			<array>
				<string>84CED05E196DCE1B007AFA71</string>
				<string>84CED079196DCE1B007AFA71</string>
			</array>
		</dict>
		<key>84CED05A196DCE1B007AFA71</key>
		<dict>
			<key>buildConfigurations</key>
			<array>
				<string>84CED089196DCE1B007AFA71</string>
				<string>84CED08A196DCE1B007AFA71</string>
			</array>
			<key>defaultConfigurationIsVisible</key>
			<string>0</string>
			<key>defaultConfigurationName</key>
			<string>Release</string>
			<key>isa</key>
			<string>XCConfigurationList</string>
		</dict>
		<key>84CED05B196DCE1B007AFA71</key>
		<dict>
			<key>buildActionMask</key>
			<string>2147483647</string>
			<key>files</key>
			<array>
				<string>84C1A94D196F4BC7003A271D</string>
				<string>84CED073196DCE1B007AFA71</string>
				<string>84CED06F196DCE1B007AFA71</string>
				<string>84CED0A8196DCFF4007AFA71</string>
				<string>84C1A950196F4CF8003A271D</string>
				<string>84C1A953196F4EC0003A271D</string>
				<string>84BCB97119709588004F9BFD</string>
				<string>84C1A956196F50B7003A271D</string>
				<string>843CCD5E1976DB1000AEDA34</string>
			</array>
			<key>isa</key>
			<string>PBXSourcesBuildPhase</string>
			<key>runOnlyForDeploymentPostprocessing</key>
			<string>0</string>
		</dict>
		<key>84CED05C196DCE1B007AFA71</key>
		<dict>
			<key>buildActionMask</key>
			<string>2147483647</string>
			<key>files</key>
			<array>
				<string>84CED065196DCE1B007AFA71</string>
				<string>84CED067196DCE1B007AFA71</string>
				<string>84CED063196DCE1B007AFA71</string>
				<string>76EC8D1D70764BBDB10020E2</string>
			</array>
			<key>isa</key>
			<string>PBXFrameworksBuildPhase</string>
			<key>runOnlyForDeploymentPostprocessing</key>
			<string>0</string>
		</dict>
		<key>84CED05D196DCE1B007AFA71</key>
		<dict>
			<key>buildActionMask</key>
			<string>2147483647</string>
			<key>files</key>
			<array>
				<string>84CED0A4196DCF61007AFA71</string>
				<string>84CED0A3196DCF61007AFA71</string>
				<string>84CED09F196DCF61007AFA71</string>
				<string>84CED09E196DCF61007AFA71</string>
				<string>84CED0A1196DCF61007AFA71</string>
				<string>84CED09C196DCF61007AFA71</string>
				<string>84CED06D196DCE1B007AFA71</string>
				<string>84CED0A0196DCF61007AFA71</string>
				<string>84CED0A2196DCF61007AFA71</string>
				<string>84CED09D196DCF61007AFA71</string>
				<string>84CED0A5196DCF61007AFA71</string>
				<string>84CED075196DCE1B007AFA71</string>
			</array>
			<key>isa</key>
			<string>PBXResourcesBuildPhase</string>
			<key>runOnlyForDeploymentPostprocessing</key>
			<string>0</string>
		</dict>
		<key>84CED05E196DCE1B007AFA71</key>
		<dict>
			<key>buildConfigurationList</key>
			<string>84CED08B196DCE1B007AFA71</string>
			<key>buildPhases</key>
			<array>
				<string>A780E08C9D7845A6B577D96D</string>
				<string>84CED05B196DCE1B007AFA71</string>
				<string>84CED05C196DCE1B007AFA71</string>
				<string>84CED05D196DCE1B007AFA71</string>
				<string>8AA0963215444666B8616235</string>
			</array>
			<key>buildRules</key>
			<array/>
			<key>dependencies</key>
			<array/>
			<key>isa</key>
			<string>PBXNativeTarget</string>
			<key>name</key>
			<string>Blocstagram</string>
			<key>productName</key>
			<string>Blocstagram</string>
			<key>productReference</key>
			<string>84CED05F196DCE1B007AFA71</string>
			<key>productType</key>
			<string>com.apple.product-type.application</string>
		</dict>
		<key>84CED05F196DCE1B007AFA71</key>
		<dict>
			<key>explicitFileType</key>
			<string>wrapper.application</string>
			<key>includeInIndex</key>
			<string>0</string>
			<key>isa</key>
			<string>PBXFileReference</string>
			<key>path</key>
			<string>Blocstagram.app</string>
			<key>sourceTree</key>
			<string>BUILT_PRODUCTS_DIR</string>
		</dict>
		<key>84CED060196DCE1B007AFA71</key>
		<dict>
			<key>children</key>
			<array>
				<string>84CED05F196DCE1B007AFA71</string>
				<string>84CED07A196DCE1B007AFA71</string>
			</array>
			<key>isa</key>
			<string>PBXGroup</string>
			<key>name</key>
			<string>Products</string>
			<key>sourceTree</key>
			<string>&lt;group&gt;</string>
		</dict>
		<key>84CED061196DCE1B007AFA71</key>
		<dict>
			<key>children</key>
			<array>
				<string>84CED062196DCE1B007AFA71</string>
				<string>84CED064196DCE1B007AFA71</string>
				<string>84CED066196DCE1B007AFA71</string>
				<string>84CED07B196DCE1B007AFA71</string>
				<string>03EABC4B02AF43EC81D5ED52</string>
			</array>
			<key>isa</key>
			<string>PBXGroup</string>
			<key>name</key>
			<string>Frameworks</string>
			<key>sourceTree</key>
			<string>&lt;group&gt;</string>
		</dict>
		<key>84CED062196DCE1B007AFA71</key>
		<dict>
			<key>isa</key>
			<string>PBXFileReference</string>
			<key>lastKnownFileType</key>
			<string>wrapper.framework</string>
			<key>name</key>
			<string>Foundation.framework</string>
			<key>path</key>
			<string>System/Library/Frameworks/Foundation.framework</string>
			<key>sourceTree</key>
			<string>SDKROOT</string>
		</dict>
		<key>84CED063196DCE1B007AFA71</key>
		<dict>
			<key>fileRef</key>
			<string>84CED062196DCE1B007AFA71</string>
			<key>isa</key>
			<string>PBXBuildFile</string>
		</dict>
		<key>84CED064196DCE1B007AFA71</key>
		<dict>
			<key>isa</key>
			<string>PBXFileReference</string>
			<key>lastKnownFileType</key>
			<string>wrapper.framework</string>
			<key>name</key>
			<string>CoreGraphics.framework</string>
			<key>path</key>
			<string>System/Library/Frameworks/CoreGraphics.framework</string>
			<key>sourceTree</key>
			<string>SDKROOT</string>
		</dict>
		<key>84CED065196DCE1B007AFA71</key>
		<dict>
			<key>fileRef</key>
			<string>84CED064196DCE1B007AFA71</string>
			<key>isa</key>
			<string>PBXBuildFile</string>
		</dict>
		<key>84CED066196DCE1B007AFA71</key>
		<dict>
			<key>isa</key>
			<string>PBXFileReference</string>
			<key>lastKnownFileType</key>
			<string>wrapper.framework</string>
			<key>name</key>
			<string>UIKit.framework</string>
			<key>path</key>
			<string>System/Library/Frameworks/UIKit.framework</string>
			<key>sourceTree</key>
			<string>SDKROOT</string>
		</dict>
		<key>84CED067196DCE1B007AFA71</key>
		<dict>
			<key>fileRef</key>
			<string>84CED066196DCE1B007AFA71</string>
			<key>isa</key>
			<string>PBXBuildFile</string>
		</dict>
		<key>84CED068196DCE1B007AFA71</key>
		<dict>
			<key>children</key>
			<array>
				<string>84CED091196DCF3E007AFA71</string>
				<string>84CED071196DCE1B007AFA71</string>
				<string>84CED072196DCE1B007AFA71</string>
				<string>84CED074196DCE1B007AFA71</string>
				<string>84CED069196DCE1B007AFA71</string>
				<string>84CED0A6196DCFF4007AFA71</string>
				<string>84CED0A7196DCFF4007AFA71</string>
				<string>84C1A94B196F4BC7003A271D</string>
				<string>84C1A94C196F4BC7003A271D</string>
				<string>84C1A94E196F4CF8003A271D</string>
				<string>84C1A94F196F4CF8003A271D</string>
				<string>84C1A951196F4EC0003A271D</string>
				<string>84C1A952196F4EC0003A271D</string>
				<string>84C1A954196F50B7003A271D</string>
				<string>84C1A955196F50B7003A271D</string>
				<string>84BCB96F19709588004F9BFD</string>
				<string>84BCB97019709588004F9BFD</string>
				<string>843CCD5C1976DB1000AEDA34</string>
				<string>843CCD5D1976DB1000AEDA34</string>
			</array>
			<key>isa</key>
			<string>PBXGroup</string>
			<key>path</key>
			<string>Blocstagram</string>
			<key>sourceTree</key>
			<string>&lt;group&gt;</string>
		</dict>
		<key>84CED069196DCE1B007AFA71</key>
		<dict>
			<key>children</key>
			<array>
				<string>84CED06A196DCE1B007AFA71</string>
				<string>84CED06B196DCE1B007AFA71</string>
				<string>84CED06E196DCE1B007AFA71</string>
				<string>84CED070196DCE1B007AFA71</string>
			</array>
			<key>isa</key>
			<string>PBXGroup</string>
			<key>name</key>
			<string>Supporting Files</string>
			<key>sourceTree</key>
			<string>&lt;group&gt;</string>
		</dict>
		<key>84CED06A196DCE1B007AFA71</key>
		<dict>
			<key>isa</key>
			<string>PBXFileReference</string>
			<key>lastKnownFileType</key>
			<string>text.plist.xml</string>
			<key>path</key>
			<string>Blocstagram-Info.plist</string>
			<key>sourceTree</key>
			<string>&lt;group&gt;</string>
		</dict>
		<key>84CED06B196DCE1B007AFA71</key>
		<dict>
			<key>children</key>
			<array>
				<string>84CED06C196DCE1B007AFA71</string>
			</array>
			<key>isa</key>
			<string>PBXVariantGroup</string>
			<key>name</key>
			<string>InfoPlist.strings</string>
			<key>sourceTree</key>
			<string>&lt;group&gt;</string>
		</dict>
		<key>84CED06C196DCE1B007AFA71</key>
		<dict>
			<key>isa</key>
			<string>PBXFileReference</string>
			<key>lastKnownFileType</key>
			<string>text.plist.strings</string>
			<key>name</key>
			<string>en</string>
			<key>path</key>
			<string>en.lproj/InfoPlist.strings</string>
			<key>sourceTree</key>
			<string>&lt;group&gt;</string>
		</dict>
		<key>84CED06D196DCE1B007AFA71</key>
		<dict>
			<key>fileRef</key>
			<string>84CED06B196DCE1B007AFA71</string>
			<key>isa</key>
			<string>PBXBuildFile</string>
		</dict>
		<key>84CED06E196DCE1B007AFA71</key>
		<dict>
			<key>isa</key>
			<string>PBXFileReference</string>
			<key>lastKnownFileType</key>
			<string>sourcecode.c.objc</string>
			<key>path</key>
			<string>main.m</string>
			<key>sourceTree</key>
			<string>&lt;group&gt;</string>
		</dict>
		<key>84CED06F196DCE1B007AFA71</key>
		<dict>
			<key>fileRef</key>
			<string>84CED06E196DCE1B007AFA71</string>
			<key>isa</key>
			<string>PBXBuildFile</string>
		</dict>
		<key>84CED070196DCE1B007AFA71</key>
		<dict>
			<key>isa</key>
			<string>PBXFileReference</string>
			<key>lastKnownFileType</key>
			<string>sourcecode.c.h</string>
			<key>path</key>
			<string>Blocstagram-Prefix.pch</string>
			<key>sourceTree</key>
			<string>&lt;group&gt;</string>
		</dict>
		<key>84CED071196DCE1B007AFA71</key>
		<dict>
			<key>isa</key>
			<string>PBXFileReference</string>
			<key>lastKnownFileType</key>
			<string>sourcecode.c.h</string>
			<key>path</key>
			<string>BLCAppDelegate.h</string>
			<key>sourceTree</key>
			<string>&lt;group&gt;</string>
		</dict>
		<key>84CED072196DCE1B007AFA71</key>
		<dict>
			<key>isa</key>
			<string>PBXFileReference</string>
			<key>lastKnownFileType</key>
			<string>sourcecode.c.objc</string>
			<key>path</key>
			<string>BLCAppDelegate.m</string>
			<key>sourceTree</key>
			<string>&lt;group&gt;</string>
		</dict>
		<key>84CED073196DCE1B007AFA71</key>
		<dict>
			<key>fileRef</key>
			<string>84CED072196DCE1B007AFA71</string>
			<key>isa</key>
			<string>PBXBuildFile</string>
		</dict>
		<key>84CED074196DCE1B007AFA71</key>
		<dict>
			<key>isa</key>
			<string>PBXFileReference</string>
			<key>lastKnownFileType</key>
			<string>folder.assetcatalog</string>
			<key>path</key>
			<string>Images.xcassets</string>
			<key>sourceTree</key>
			<string>&lt;group&gt;</string>
		</dict>
		<key>84CED075196DCE1B007AFA71</key>
		<dict>
			<key>fileRef</key>
			<string>84CED074196DCE1B007AFA71</string>
			<key>isa</key>
			<string>PBXBuildFile</string>
		</dict>
		<key>84CED076196DCE1B007AFA71</key>
		<dict>
			<key>buildActionMask</key>
			<string>2147483647</string>
			<key>files</key>
			<array>
				<string>84CED088196DCE1B007AFA71</string>
			</array>
			<key>isa</key>
			<string>PBXSourcesBuildPhase</string>
			<key>runOnlyForDeploymentPostprocessing</key>
			<string>0</string>
		</dict>
		<key>84CED077196DCE1B007AFA71</key>
		<dict>
			<key>buildActionMask</key>
			<string>2147483647</string>
			<key>files</key>
			<array>
				<string>84CED07C196DCE1B007AFA71</string>
				<string>84CED07E196DCE1B007AFA71</string>
				<string>84CED07D196DCE1B007AFA71</string>
			</array>
			<key>isa</key>
			<string>PBXFrameworksBuildPhase</string>
			<key>runOnlyForDeploymentPostprocessing</key>
			<string>0</string>
		</dict>
		<key>84CED078196DCE1B007AFA71</key>
		<dict>
			<key>buildActionMask</key>
			<string>2147483647</string>
			<key>files</key>
			<array>
				<string>84CED086196DCE1B007AFA71</string>
			</array>
			<key>isa</key>
			<string>PBXResourcesBuildPhase</string>
			<key>runOnlyForDeploymentPostprocessing</key>
			<string>0</string>
		</dict>
		<key>84CED079196DCE1B007AFA71</key>
		<dict>
			<key>buildConfigurationList</key>
			<string>84CED08E196DCE1B007AFA71</string>
			<key>buildPhases</key>
			<array>
				<string>84CED076196DCE1B007AFA71</string>
				<string>84CED077196DCE1B007AFA71</string>
				<string>84CED078196DCE1B007AFA71</string>
			</array>
			<key>buildRules</key>
			<array/>
			<key>dependencies</key>
			<array>
				<string>84CED080196DCE1B007AFA71</string>
			</array>
			<key>isa</key>
			<string>PBXNativeTarget</string>
			<key>name</key>
			<string>BlocstagramTests</string>
			<key>productName</key>
			<string>BlocstagramTests</string>
			<key>productReference</key>
			<string>84CED07A196DCE1B007AFA71</string>
			<key>productType</key>
			<string>com.apple.product-type.bundle.unit-test</string>
		</dict>
		<key>84CED07A196DCE1B007AFA71</key>
		<dict>
			<key>explicitFileType</key>
			<string>wrapper.cfbundle</string>
			<key>includeInIndex</key>
			<string>0</string>
			<key>isa</key>
			<string>PBXFileReference</string>
			<key>path</key>
			<string>BlocstagramTests.xctest</string>
			<key>sourceTree</key>
			<string>BUILT_PRODUCTS_DIR</string>
		</dict>
		<key>84CED07B196DCE1B007AFA71</key>
		<dict>
			<key>isa</key>
			<string>PBXFileReference</string>
			<key>lastKnownFileType</key>
			<string>wrapper.framework</string>
			<key>name</key>
			<string>XCTest.framework</string>
			<key>path</key>
			<string>Library/Frameworks/XCTest.framework</string>
			<key>sourceTree</key>
			<string>DEVELOPER_DIR</string>
		</dict>
		<key>84CED07C196DCE1B007AFA71</key>
		<dict>
			<key>fileRef</key>
			<string>84CED07B196DCE1B007AFA71</string>
			<key>isa</key>
			<string>PBXBuildFile</string>
		</dict>
		<key>84CED07D196DCE1B007AFA71</key>
		<dict>
			<key>fileRef</key>
			<string>84CED062196DCE1B007AFA71</string>
			<key>isa</key>
			<string>PBXBuildFile</string>
		</dict>
		<key>84CED07E196DCE1B007AFA71</key>
		<dict>
			<key>fileRef</key>
			<string>84CED066196DCE1B007AFA71</string>
			<key>isa</key>
			<string>PBXBuildFile</string>
		</dict>
		<key>84CED07F196DCE1B007AFA71</key>
		<dict>
			<key>containerPortal</key>
			<string>84CED057196DCE1B007AFA71</string>
			<key>isa</key>
			<string>PBXContainerItemProxy</string>
			<key>proxyType</key>
			<string>1</string>
			<key>remoteGlobalIDString</key>
			<string>84CED05E196DCE1B007AFA71</string>
			<key>remoteInfo</key>
			<string>Blocstagram</string>
		</dict>
		<key>84CED080196DCE1B007AFA71</key>
		<dict>
			<key>isa</key>
			<string>PBXTargetDependency</string>
			<key>target</key>
			<string>84CED05E196DCE1B007AFA71</string>
			<key>targetProxy</key>
			<string>84CED07F196DCE1B007AFA71</string>
		</dict>
		<key>84CED081196DCE1B007AFA71</key>
		<dict>
			<key>children</key>
			<array>
				<string>84CED087196DCE1B007AFA71</string>
				<string>84CED082196DCE1B007AFA71</string>
			</array>
			<key>isa</key>
			<string>PBXGroup</string>
			<key>path</key>
			<string>BlocstagramTests</string>
			<key>sourceTree</key>
			<string>&lt;group&gt;</string>
		</dict>
		<key>84CED082196DCE1B007AFA71</key>
		<dict>
			<key>children</key>
			<array>
				<string>84CED083196DCE1B007AFA71</string>
				<string>84CED084196DCE1B007AFA71</string>
			</array>
			<key>isa</key>
			<string>PBXGroup</string>
			<key>name</key>
			<string>Supporting Files</string>
			<key>sourceTree</key>
			<string>&lt;group&gt;</string>
		</dict>
		<key>84CED083196DCE1B007AFA71</key>
		<dict>
			<key>isa</key>
			<string>PBXFileReference</string>
			<key>lastKnownFileType</key>
			<string>text.plist.xml</string>
			<key>path</key>
			<string>BlocstagramTests-Info.plist</string>
			<key>sourceTree</key>
			<string>&lt;group&gt;</string>
		</dict>
		<key>84CED084196DCE1B007AFA71</key>
		<dict>
			<key>children</key>
			<array>
				<string>84CED085196DCE1B007AFA71</string>
			</array>
			<key>isa</key>
			<string>PBXVariantGroup</string>
			<key>name</key>
			<string>InfoPlist.strings</string>
			<key>sourceTree</key>
			<string>&lt;group&gt;</string>
		</dict>
		<key>84CED085196DCE1B007AFA71</key>
		<dict>
			<key>isa</key>
			<string>PBXFileReference</string>
			<key>lastKnownFileType</key>
			<string>text.plist.strings</string>
			<key>name</key>
			<string>en</string>
			<key>path</key>
			<string>en.lproj/InfoPlist.strings</string>
			<key>sourceTree</key>
			<string>&lt;group&gt;</string>
		</dict>
		<key>84CED086196DCE1B007AFA71</key>
		<dict>
			<key>fileRef</key>
			<string>84CED084196DCE1B007AFA71</string>
			<key>isa</key>
			<string>PBXBuildFile</string>
		</dict>
		<key>84CED087196DCE1B007AFA71</key>
		<dict>
			<key>isa</key>
			<string>PBXFileReference</string>
			<key>lastKnownFileType</key>
			<string>sourcecode.c.objc</string>
			<key>path</key>
			<string>BlocstagramTests.m</string>
			<key>sourceTree</key>
			<string>&lt;group&gt;</string>
		</dict>
		<key>84CED088196DCE1B007AFA71</key>
		<dict>
			<key>fileRef</key>
			<string>84CED087196DCE1B007AFA71</string>
			<key>isa</key>
			<string>PBXBuildFile</string>
		</dict>
		<key>84CED089196DCE1B007AFA71</key>
		<dict>
			<key>buildSettings</key>
			<dict>
				<key>ALWAYS_SEARCH_USER_PATHS</key>
				<string>NO</string>
				<key>CLANG_CXX_LANGUAGE_STANDARD</key>
				<string>gnu++0x</string>
				<key>CLANG_CXX_LIBRARY</key>
				<string>libc++</string>
				<key>CLANG_ENABLE_MODULES</key>
				<string>YES</string>
				<key>CLANG_ENABLE_OBJC_ARC</key>
				<string>YES</string>
				<key>CLANG_WARN_BOOL_CONVERSION</key>
				<string>YES</string>
				<key>CLANG_WARN_CONSTANT_CONVERSION</key>
				<string>YES</string>
				<key>CLANG_WARN_DIRECT_OBJC_ISA_USAGE</key>
				<string>YES_ERROR</string>
				<key>CLANG_WARN_EMPTY_BODY</key>
				<string>YES</string>
				<key>CLANG_WARN_ENUM_CONVERSION</key>
				<string>YES</string>
				<key>CLANG_WARN_INT_CONVERSION</key>
				<string>YES</string>
				<key>CLANG_WARN_OBJC_ROOT_CLASS</key>
				<string>YES_ERROR</string>
				<key>CLANG_WARN__DUPLICATE_METHOD_MATCH</key>
				<string>YES</string>
				<key>CODE_SIGN_IDENTITY[sdk=iphoneos*]</key>
				<string>iPhone Developer</string>
				<key>COPY_PHASE_STRIP</key>
				<string>NO</string>
				<key>GCC_C_LANGUAGE_STANDARD</key>
				<string>gnu99</string>
				<key>GCC_DYNAMIC_NO_PIC</key>
				<string>NO</string>
				<key>GCC_OPTIMIZATION_LEVEL</key>
				<string>0</string>
				<key>GCC_PREPROCESSOR_DEFINITIONS</key>
				<array>
					<string>DEBUG=1</string>
					<string>$(inherited)</string>
				</array>
				<key>GCC_SYMBOLS_PRIVATE_EXTERN</key>
				<string>NO</string>
				<key>GCC_WARN_64_TO_32_BIT_CONVERSION</key>
				<string>YES</string>
				<key>GCC_WARN_ABOUT_RETURN_TYPE</key>
				<string>YES_ERROR</string>
				<key>GCC_WARN_UNDECLARED_SELECTOR</key>
				<string>YES</string>
				<key>GCC_WARN_UNINITIALIZED_AUTOS</key>
				<string>YES_AGGRESSIVE</string>
				<key>GCC_WARN_UNUSED_FUNCTION</key>
				<string>YES</string>
				<key>GCC_WARN_UNUSED_VARIABLE</key>
				<string>YES</string>
				<key>IPHONEOS_DEPLOYMENT_TARGET</key>
				<string>7.1</string>
				<key>ONLY_ACTIVE_ARCH</key>
				<string>YES</string>
				<key>SDKROOT</key>
				<string>iphoneos</string>
				<key>TARGETED_DEVICE_FAMILY</key>
				<string>1,2</string>
			</dict>
			<key>isa</key>
			<string>XCBuildConfiguration</string>
			<key>name</key>
			<string>Debug</string>
		</dict>
		<key>84CED08A196DCE1B007AFA71</key>
		<dict>
			<key>buildSettings</key>
			<dict>
				<key>ALWAYS_SEARCH_USER_PATHS</key>
				<string>NO</string>
				<key>CLANG_CXX_LANGUAGE_STANDARD</key>
				<string>gnu++0x</string>
				<key>CLANG_CXX_LIBRARY</key>
				<string>libc++</string>
				<key>CLANG_ENABLE_MODULES</key>
				<string>YES</string>
				<key>CLANG_ENABLE_OBJC_ARC</key>
				<string>YES</string>
				<key>CLANG_WARN_BOOL_CONVERSION</key>
				<string>YES</string>
				<key>CLANG_WARN_CONSTANT_CONVERSION</key>
				<string>YES</string>
				<key>CLANG_WARN_DIRECT_OBJC_ISA_USAGE</key>
				<string>YES_ERROR</string>
				<key>CLANG_WARN_EMPTY_BODY</key>
				<string>YES</string>
				<key>CLANG_WARN_ENUM_CONVERSION</key>
				<string>YES</string>
				<key>CLANG_WARN_INT_CONVERSION</key>
				<string>YES</string>
				<key>CLANG_WARN_OBJC_ROOT_CLASS</key>
				<string>YES_ERROR</string>
				<key>CLANG_WARN__DUPLICATE_METHOD_MATCH</key>
				<string>YES</string>
				<key>CODE_SIGN_IDENTITY[sdk=iphoneos*]</key>
				<string>iPhone Developer</string>
				<key>COPY_PHASE_STRIP</key>
				<string>YES</string>
				<key>ENABLE_NS_ASSERTIONS</key>
				<string>NO</string>
				<key>GCC_C_LANGUAGE_STANDARD</key>
				<string>gnu99</string>
				<key>GCC_WARN_64_TO_32_BIT_CONVERSION</key>
				<string>YES</string>
				<key>GCC_WARN_ABOUT_RETURN_TYPE</key>
				<string>YES_ERROR</string>
				<key>GCC_WARN_UNDECLARED_SELECTOR</key>
				<string>YES</string>
				<key>GCC_WARN_UNINITIALIZED_AUTOS</key>
				<string>YES_AGGRESSIVE</string>
				<key>GCC_WARN_UNUSED_FUNCTION</key>
				<string>YES</string>
				<key>GCC_WARN_UNUSED_VARIABLE</key>
				<string>YES</string>
				<key>IPHONEOS_DEPLOYMENT_TARGET</key>
				<string>7.1</string>
				<key>SDKROOT</key>
				<string>iphoneos</string>
				<key>TARGETED_DEVICE_FAMILY</key>
				<string>1,2</string>
				<key>VALIDATE_PRODUCT</key>
				<string>YES</string>
			</dict>
			<key>isa</key>
			<string>XCBuildConfiguration</string>
			<key>name</key>
			<string>Release</string>
		</dict>
		<key>84CED08B196DCE1B007AFA71</key>
		<dict>
			<key>buildConfigurations</key>
			<array>
				<string>84CED08C196DCE1B007AFA71</string>
				<string>84CED08D196DCE1B007AFA71</string>
			</array>
			<key>defaultConfigurationIsVisible</key>
			<string>0</string>
			<key>defaultConfigurationName</key>
			<string>Release</string>
			<key>isa</key>
			<string>XCConfigurationList</string>
		</dict>
		<key>84CED08C196DCE1B007AFA71</key>
		<dict>
			<key>baseConfigurationReference</key>
			<string>75296526EE974D94A0259ACD</string>
			<key>buildSettings</key>
			<dict>
				<key>ASSETCATALOG_COMPILER_APPICON_NAME</key>
				<string>AppIcon</string>
				<key>ASSETCATALOG_COMPILER_LAUNCHIMAGE_NAME</key>
				<string>LaunchImage</string>
				<key>GCC_PRECOMPILE_PREFIX_HEADER</key>
				<string>YES</string>
				<key>GCC_PREFIX_HEADER</key>
				<string>Blocstagram/Blocstagram-Prefix.pch</string>
				<key>INFOPLIST_FILE</key>
				<string>Blocstagram/Blocstagram-Info.plist</string>
				<key>PRODUCT_NAME</key>
				<string>$(TARGET_NAME)</string>
				<key>WRAPPER_EXTENSION</key>
				<string>app</string>
			</dict>
			<key>isa</key>
			<string>XCBuildConfiguration</string>
			<key>name</key>
			<string>Debug</string>
		</dict>
		<key>84CED08D196DCE1B007AFA71</key>
		<dict>
			<key>baseConfigurationReference</key>
			<string>75296526EE974D94A0259ACD</string>
			<key>buildSettings</key>
			<dict>
				<key>ASSETCATALOG_COMPILER_APPICON_NAME</key>
				<string>AppIcon</string>
				<key>ASSETCATALOG_COMPILER_LAUNCHIMAGE_NAME</key>
				<string>LaunchImage</string>
				<key>GCC_PRECOMPILE_PREFIX_HEADER</key>
				<string>YES</string>
				<key>GCC_PREFIX_HEADER</key>
				<string>Blocstagram/Blocstagram-Prefix.pch</string>
				<key>INFOPLIST_FILE</key>
				<string>Blocstagram/Blocstagram-Info.plist</string>
				<key>PRODUCT_NAME</key>
				<string>$(TARGET_NAME)</string>
				<key>WRAPPER_EXTENSION</key>
				<string>app</string>
			</dict>
			<key>isa</key>
			<string>XCBuildConfiguration</string>
			<key>name</key>
			<string>Release</string>
		</dict>
		<key>84CED08E196DCE1B007AFA71</key>
		<dict>
			<key>buildConfigurations</key>
			<array>
				<string>84CED08F196DCE1B007AFA71</string>
				<string>84CED090196DCE1B007AFA71</string>
			</array>
			<key>defaultConfigurationIsVisible</key>
			<string>0</string>
			<key>defaultConfigurationName</key>
			<string>Release</string>
			<key>isa</key>
			<string>XCConfigurationList</string>
		</dict>
		<key>84CED08F196DCE1B007AFA71</key>
		<dict>
			<key>buildSettings</key>
			<dict>
				<key>BUNDLE_LOADER</key>
				<string>$(BUILT_PRODUCTS_DIR)/Blocstagram.app/Blocstagram</string>
				<key>FRAMEWORK_SEARCH_PATHS</key>
				<array>
					<string>$(SDKROOT)/Developer/Library/Frameworks</string>
					<string>$(inherited)</string>
					<string>$(DEVELOPER_FRAMEWORKS_DIR)</string>
				</array>
				<key>GCC_PRECOMPILE_PREFIX_HEADER</key>
				<string>YES</string>
				<key>GCC_PREFIX_HEADER</key>
				<string>Blocstagram/Blocstagram-Prefix.pch</string>
				<key>GCC_PREPROCESSOR_DEFINITIONS</key>
				<array>
					<string>DEBUG=1</string>
					<string>$(inherited)</string>
				</array>
				<key>INFOPLIST_FILE</key>
				<string>BlocstagramTests/BlocstagramTests-Info.plist</string>
				<key>PRODUCT_NAME</key>
				<string>$(TARGET_NAME)</string>
				<key>TEST_HOST</key>
				<string>$(BUNDLE_LOADER)</string>
				<key>WRAPPER_EXTENSION</key>
				<string>xctest</string>
			</dict>
			<key>isa</key>
			<string>XCBuildConfiguration</string>
			<key>name</key>
			<string>Debug</string>
		</dict>
		<key>84CED090196DCE1B007AFA71</key>
		<dict>
			<key>buildSettings</key>
			<dict>
				<key>BUNDLE_LOADER</key>
				<string>$(BUILT_PRODUCTS_DIR)/Blocstagram.app/Blocstagram</string>
				<key>FRAMEWORK_SEARCH_PATHS</key>
				<array>
					<string>$(SDKROOT)/Developer/Library/Frameworks</string>
					<string>$(inherited)</string>
					<string>$(DEVELOPER_FRAMEWORKS_DIR)</string>
				</array>
				<key>GCC_PRECOMPILE_PREFIX_HEADER</key>
				<string>YES</string>
				<key>GCC_PREFIX_HEADER</key>
				<string>Blocstagram/Blocstagram-Prefix.pch</string>
				<key>INFOPLIST_FILE</key>
				<string>BlocstagramTests/BlocstagramTests-Info.plist</string>
				<key>PRODUCT_NAME</key>
				<string>$(TARGET_NAME)</string>
				<key>TEST_HOST</key>
				<string>$(BUNDLE_LOADER)</string>
				<key>WRAPPER_EXTENSION</key>
				<string>xctest</string>
			</dict>
			<key>isa</key>
			<string>XCBuildConfiguration</string>
			<key>name</key>
			<string>Release</string>
		</dict>
		<key>84CED091196DCF3E007AFA71</key>
		<dict>
			<key>children</key>
			<array>
				<string>84CED092196DCF61007AFA71</string>
				<string>84CED093196DCF61007AFA71</string>
				<string>84CED094196DCF61007AFA71</string>
				<string>84CED095196DCF61007AFA71</string>
				<string>84CED096196DCF61007AFA71</string>
				<string>84CED097196DCF61007AFA71</string>
				<string>84CED098196DCF61007AFA71</string>
				<string>84CED099196DCF61007AFA71</string>
				<string>84CED09A196DCF61007AFA71</string>
				<string>84CED09B196DCF61007AFA71</string>
			</array>
			<key>isa</key>
			<string>PBXGroup</string>
			<key>name</key>
			<string>Images</string>
			<key>sourceTree</key>
			<string>&lt;group&gt;</string>
		</dict>
		<key>84CED092196DCF61007AFA71</key>
		<dict>
			<key>isa</key>
			<string>PBXFileReference</string>
			<key>lastKnownFileType</key>
			<string>image.jpeg</string>
			<key>path</key>
			<string>1.jpg</string>
			<key>sourceTree</key>
			<string>&lt;group&gt;</string>
		</dict>
		<key>84CED093196DCF61007AFA71</key>
		<dict>
			<key>isa</key>
			<string>PBXFileReference</string>
			<key>lastKnownFileType</key>
			<string>image.jpeg</string>
			<key>path</key>
			<string>2.jpg</string>
			<key>sourceTree</key>
			<string>&lt;group&gt;</string>
		</dict>
		<key>84CED094196DCF61007AFA71</key>
		<dict>
			<key>isa</key>
			<string>PBXFileReference</string>
			<key>lastKnownFileType</key>
			<string>image.jpeg</string>
			<key>path</key>
			<string>3.jpg</string>
			<key>sourceTree</key>
			<string>&lt;group&gt;</string>
		</dict>
		<key>84CED095196DCF61007AFA71</key>
		<dict>
			<key>isa</key>
			<string>PBXFileReference</string>
			<key>lastKnownFileType</key>
			<string>image.jpeg</string>
			<key>path</key>
			<string>4.jpg</string>
			<key>sourceTree</key>
			<string>&lt;group&gt;</string>
		</dict>
		<key>84CED096196DCF61007AFA71</key>
		<dict>
			<key>isa</key>
			<string>PBXFileReference</string>
			<key>lastKnownFileType</key>
			<string>image.jpeg</string>
			<key>path</key>
			<string>5.jpg</string>
			<key>sourceTree</key>
			<string>&lt;group&gt;</string>
		</dict>
		<key>84CED097196DCF61007AFA71</key>
		<dict>
			<key>isa</key>
			<string>PBXFileReference</string>
			<key>lastKnownFileType</key>
			<string>image.jpeg</string>
			<key>path</key>
			<string>6.jpg</string>
			<key>sourceTree</key>
			<string>&lt;group&gt;</string>
		</dict>
		<key>84CED098196DCF61007AFA71</key>
		<dict>
			<key>isa</key>
			<string>PBXFileReference</string>
			<key>lastKnownFileType</key>
			<string>image.jpeg</string>
			<key>path</key>
			<string>7.jpg</string>
			<key>sourceTree</key>
			<string>&lt;group&gt;</string>
		</dict>
		<key>84CED099196DCF61007AFA71</key>
		<dict>
			<key>isa</key>
			<string>PBXFileReference</string>
			<key>lastKnownFileType</key>
			<string>image.jpeg</string>
			<key>path</key>
			<string>8.jpg</string>
			<key>sourceTree</key>
			<string>&lt;group&gt;</string>
		</dict>
		<key>84CED09A196DCF61007AFA71</key>
		<dict>
			<key>isa</key>
			<string>PBXFileReference</string>
			<key>lastKnownFileType</key>
			<string>image.jpeg</string>
			<key>path</key>
			<string>9.jpg</string>
			<key>sourceTree</key>
			<string>&lt;group&gt;</string>
		</dict>
		<key>84CED09B196DCF61007AFA71</key>
		<dict>
			<key>isa</key>
			<string>PBXFileReference</string>
			<key>lastKnownFileType</key>
			<string>image.jpeg</string>
			<key>path</key>
			<string>10.jpg</string>
			<key>sourceTree</key>
			<string>&lt;group&gt;</string>
		</dict>
		<key>84CED09C196DCF61007AFA71</key>
		<dict>
			<key>fileRef</key>
			<string>84CED092196DCF61007AFA71</string>
			<key>isa</key>
			<string>PBXBuildFile</string>
		</dict>
		<key>84CED09D196DCF61007AFA71</key>
		<dict>
			<key>fileRef</key>
			<string>84CED093196DCF61007AFA71</string>
			<key>isa</key>
			<string>PBXBuildFile</string>
		</dict>
		<key>84CED09E196DCF61007AFA71</key>
		<dict>
			<key>fileRef</key>
			<string>84CED094196DCF61007AFA71</string>
			<key>isa</key>
			<string>PBXBuildFile</string>
		</dict>
		<key>84CED09F196DCF61007AFA71</key>
		<dict>
			<key>fileRef</key>
			<string>84CED095196DCF61007AFA71</string>
			<key>isa</key>
			<string>PBXBuildFile</string>
		</dict>
		<key>84CED0A0196DCF61007AFA71</key>
		<dict>
			<key>fileRef</key>
			<string>84CED096196DCF61007AFA71</string>
			<key>isa</key>
			<string>PBXBuildFile</string>
		</dict>
		<key>84CED0A1196DCF61007AFA71</key>
		<dict>
			<key>fileRef</key>
			<string>84CED097196DCF61007AFA71</string>
			<key>isa</key>
			<string>PBXBuildFile</string>
		</dict>
		<key>84CED0A2196DCF61007AFA71</key>
		<dict>
			<key>fileRef</key>
			<string>84CED098196DCF61007AFA71</string>
			<key>isa</key>
			<string>PBXBuildFile</string>
		</dict>
		<key>84CED0A3196DCF61007AFA71</key>
		<dict>
			<key>fileRef</key>
			<string>84CED099196DCF61007AFA71</string>
			<key>isa</key>
			<string>PBXBuildFile</string>
		</dict>
		<key>84CED0A4196DCF61007AFA71</key>
		<dict>
			<key>fileRef</key>
			<string>84CED09A196DCF61007AFA71</string>
			<key>isa</key>
			<string>PBXBuildFile</string>
		</dict>
		<key>84CED0A5196DCF61007AFA71</key>
		<dict>
			<key>fileRef</key>
			<string>84CED09B196DCF61007AFA71</string>
			<key>isa</key>
			<string>PBXBuildFile</string>
		</dict>
		<key>84CED0A6196DCFF4007AFA71</key>
		<dict>
			<key>fileEncoding</key>
			<string>4</string>
			<key>isa</key>
			<string>PBXFileReference</string>
			<key>lastKnownFileType</key>
			<string>sourcecode.c.h</string>
			<key>path</key>
			<string>BLCImagesTableViewController.h</string>
			<key>sourceTree</key>
			<string>&lt;group&gt;</string>
		</dict>
		<key>84CED0A7196DCFF4007AFA71</key>
		<dict>
			<key>fileEncoding</key>
			<string>4</string>
			<key>isa</key>
			<string>PBXFileReference</string>
			<key>lastKnownFileType</key>
			<string>sourcecode.c.objc</string>
			<key>path</key>
			<string>BLCImagesTableViewController.m</string>
			<key>sourceTree</key>
			<string>&lt;group&gt;</string>
		</dict>
		<key>84CED0A8196DCFF4007AFA71</key>
		<dict>
			<key>fileRef</key>
			<string>84CED0A7196DCFF4007AFA71</string>
			<key>isa</key>
			<string>PBXBuildFile</string>
		</dict>
		<key>8AA0963215444666B8616235</key>
		<dict>
			<key>buildActionMask</key>
			<string>2147483647</string>
			<key>files</key>
			<array/>
			<key>inputPaths</key>
			<array/>
			<key>isa</key>
			<string>PBXShellScriptBuildPhase</string>
			<key>name</key>
			<string>Copy Pods Resources</string>
			<key>outputPaths</key>
			<array/>
			<key>runOnlyForDeploymentPostprocessing</key>
			<string>0</string>
			<key>shellPath</key>
			<string>/bin/sh</string>
			<key>shellScript</key>
			<string>"${SRCROOT}/Pods/Pods-resources.sh"
</string>
			<key>showEnvVarsInLog</key>
			<string>0</string>
		</dict>
		<key>A780E08C9D7845A6B577D96D</key>
		<dict>
			<key>buildActionMask</key>
			<string>2147483647</string>
			<key>files</key>
			<array/>
			<key>inputPaths</key>
			<array/>
			<key>isa</key>
			<string>PBXShellScriptBuildPhase</string>
			<key>name</key>
			<string>Check Pods Manifest.lock</string>
			<key>outputPaths</key>
			<array/>
			<key>runOnlyForDeploymentPostprocessing</key>
			<string>0</string>
			<key>shellPath</key>
			<string>/bin/sh</string>
			<key>shellScript</key>
			<string>diff "${PODS_ROOT}/../Podfile.lock" "${PODS_ROOT}/Manifest.lock" &gt; /dev/null
if [[ $? != 0 ]] ; then
    cat &lt;&lt; EOM
error: The sandbox is not in sync with the Podfile.lock. Run 'pod install' or update your CocoaPods installation.
EOM
    exit 1
fi
</string>
			<key>showEnvVarsInLog</key>
			<string>0</string>
		</dict>
	</dict>
	<key>rootObject</key>
	<string>84CED057196DCE1B007AFA71</string>
</dict>
</plist>
